// !$*UTF8*$!
{
	archiveVersion = 1;
	classes = {
	};
	objectVersion = 50;
	objects = {

/* Begin PBXBuildFile section */
		1438B994214B55C1007FE21A /* AppDelegate.swift in Sources */ = {isa = PBXBuildFile; fileRef = 1438B993214B55C1007FE21A /* AppDelegate.swift */; };
		1438B996214B55C1007FE21A /* HomeViewController.swift in Sources */ = {isa = PBXBuildFile; fileRef = 1438B995214B55C1007FE21A /* HomeViewController.swift */; };
		1438B999214B55C1007FE21A /* Main.storyboard in Resources */ = {isa = PBXBuildFile; fileRef = 1438B997214B55C1007FE21A /* Main.storyboard */; };
		1438B99B214B55C4007FE21A /* Assets.xcassets in Resources */ = {isa = PBXBuildFile; fileRef = 1438B99A214B55C4007FE21A /* Assets.xcassets */; };
		1438B99E214B55C4007FE21A /* LaunchScreen.storyboard in Resources */ = {isa = PBXBuildFile; fileRef = 1438B99C214B55C4007FE21A /* LaunchScreen.storyboard */; };
		1438B9A9214B55C4007FE21A /* KontaktTests.swift in Sources */ = {isa = PBXBuildFile; fileRef = 1438B9A8214B55C4007FE21A /* KontaktTests.swift */; };
		1438B9B4214B55C4007FE21A /* KontaktUITests.swift in Sources */ = {isa = PBXBuildFile; fileRef = 1438B9B3214B55C4007FE21A /* KontaktUITests.swift */; };
		144A4BFD219142EC00F8D0B2 /* KontaktCoordinator.swift in Sources */ = {isa = PBXBuildFile; fileRef = 144A4BFC219142EC00F8D0B2 /* KontaktCoordinator.swift */; };
		144A4BFF2191435500F8D0B2 /* Coordinator.swift in Sources */ = {isa = PBXBuildFile; fileRef = 144A4BFE2191435500F8D0B2 /* Coordinator.swift */; };
		149CD1FE214D894C0064A99F /* InfoViewController.swift in Sources */ = {isa = PBXBuildFile; fileRef = 149CD1FD214D894C0064A99F /* InfoViewController.swift */; };
		14F5178B21586EA3007983E8 /* ScannerViewController.swift in Sources */ = {isa = PBXBuildFile; fileRef = 14F5178A21586EA3007983E8 /* ScannerViewController.swift */; };
		316D90F9C3BD087EAA9ED177 /* Pods_KontaktUITests.framework in Frameworks */ = {isa = PBXBuildFile; fileRef = 227D706ED7EB232CEB3F0BB3 /* Pods_KontaktUITests.framework */; };
		BF2EA583DFDEFD2220CA9105 /* Pods_Kontakt.framework in Frameworks */ = {isa = PBXBuildFile; fileRef = B3C2D2E278C6DA8A3548D6D4 /* Pods_Kontakt.framework */; };
		F8EE22AE3454ED19563E3E6B /* Pods_KontaktTests.framework in Frameworks */ = {isa = PBXBuildFile; fileRef = 5B3ED99736532C1B40DD0A86 /* Pods_KontaktTests.framework */; };
/* End PBXBuildFile section */

/* Begin PBXContainerItemProxy section */
		1438B9A5214B55C4007FE21A /* PBXContainerItemProxy */ = {
			isa = PBXContainerItemProxy;
			containerPortal = 1438B988214B55C1007FE21A /* Project object */;
			proxyType = 1;
			remoteGlobalIDString = 1438B98F214B55C1007FE21A;
			remoteInfo = Kontakt;
		};
		1438B9B0214B55C4007FE21A /* PBXContainerItemProxy */ = {
			isa = PBXContainerItemProxy;
			containerPortal = 1438B988214B55C1007FE21A /* Project object */;
			proxyType = 1;
			remoteGlobalIDString = 1438B98F214B55C1007FE21A;
			remoteInfo = Kontakt;
		};
/* End PBXContainerItemProxy section */

/* Begin PBXFileReference section */
		1438B990214B55C1007FE21A /* Kontakt.app */ = {isa = PBXFileReference; explicitFileType = wrapper.application; includeInIndex = 0; path = Kontakt.app; sourceTree = BUILT_PRODUCTS_DIR; };
		1438B993214B55C1007FE21A /* AppDelegate.swift */ = {isa = PBXFileReference; lastKnownFileType = sourcecode.swift; path = AppDelegate.swift; sourceTree = "<group>"; };
		1438B995214B55C1007FE21A /* HomeViewController.swift */ = {isa = PBXFileReference; lastKnownFileType = sourcecode.swift; path = HomeViewController.swift; sourceTree = "<group>"; };
		1438B998214B55C1007FE21A /* Base */ = {isa = PBXFileReference; lastKnownFileType = file.storyboard; name = Base; path = Base.lproj/Main.storyboard; sourceTree = "<group>"; };
		1438B99A214B55C4007FE21A /* Assets.xcassets */ = {isa = PBXFileReference; lastKnownFileType = folder.assetcatalog; path = Assets.xcassets; sourceTree = "<group>"; };
		1438B99D214B55C4007FE21A /* Base */ = {isa = PBXFileReference; lastKnownFileType = file.storyboard; name = Base; path = Base.lproj/LaunchScreen.storyboard; sourceTree = "<group>"; };
		1438B99F214B55C4007FE21A /* Info.plist */ = {isa = PBXFileReference; lastKnownFileType = text.plist.xml; path = Info.plist; sourceTree = "<group>"; };
		1438B9A4214B55C4007FE21A /* KontaktTests.xctest */ = {isa = PBXFileReference; explicitFileType = wrapper.cfbundle; includeInIndex = 0; path = KontaktTests.xctest; sourceTree = BUILT_PRODUCTS_DIR; };
		1438B9A8214B55C4007FE21A /* KontaktTests.swift */ = {isa = PBXFileReference; lastKnownFileType = sourcecode.swift; path = KontaktTests.swift; sourceTree = "<group>"; };
		1438B9AA214B55C4007FE21A /* Info.plist */ = {isa = PBXFileReference; lastKnownFileType = text.plist.xml; path = Info.plist; sourceTree = "<group>"; };
		1438B9AF214B55C4007FE21A /* KontaktUITests.xctest */ = {isa = PBXFileReference; explicitFileType = wrapper.cfbundle; includeInIndex = 0; path = KontaktUITests.xctest; sourceTree = BUILT_PRODUCTS_DIR; };
		1438B9B3214B55C4007FE21A /* KontaktUITests.swift */ = {isa = PBXFileReference; lastKnownFileType = sourcecode.swift; path = KontaktUITests.swift; sourceTree = "<group>"; };
		1438B9B5214B55C4007FE21A /* Info.plist */ = {isa = PBXFileReference; lastKnownFileType = text.plist.xml; path = Info.plist; sourceTree = "<group>"; };
		144A4BFC219142EC00F8D0B2 /* KontaktCoordinator.swift */ = {isa = PBXFileReference; lastKnownFileType = sourcecode.swift; path = KontaktCoordinator.swift; sourceTree = "<group>"; };
		144A4BFE2191435500F8D0B2 /* Coordinator.swift */ = {isa = PBXFileReference; lastKnownFileType = sourcecode.swift; path = Coordinator.swift; sourceTree = "<group>"; };
		149CD1FD214D894C0064A99F /* InfoViewController.swift */ = {isa = PBXFileReference; lastKnownFileType = sourcecode.swift; path = InfoViewController.swift; sourceTree = "<group>"; };
		14F5178A21586EA3007983E8 /* ScannerViewController.swift */ = {isa = PBXFileReference; lastKnownFileType = sourcecode.swift; path = ScannerViewController.swift; sourceTree = "<group>"; };
		1C7FABD6B17AE3523C4B08D1 /* Pods-Kontakt.debug.xcconfig */ = {isa = PBXFileReference; includeInIndex = 1; lastKnownFileType = text.xcconfig; name = "Pods-Kontakt.debug.xcconfig"; path = "Pods/Target Support Files/Pods-Kontakt/Pods-Kontakt.debug.xcconfig"; sourceTree = "<group>"; };
		227D706ED7EB232CEB3F0BB3 /* Pods_KontaktUITests.framework */ = {isa = PBXFileReference; explicitFileType = wrapper.framework; includeInIndex = 0; path = Pods_KontaktUITests.framework; sourceTree = BUILT_PRODUCTS_DIR; };
		5B3ED99736532C1B40DD0A86 /* Pods_KontaktTests.framework */ = {isa = PBXFileReference; explicitFileType = wrapper.framework; includeInIndex = 0; path = Pods_KontaktTests.framework; sourceTree = BUILT_PRODUCTS_DIR; };
		A311EB195700147626CFB247 /* Pods-KontaktTests.release.xcconfig */ = {isa = PBXFileReference; includeInIndex = 1; lastKnownFileType = text.xcconfig; name = "Pods-KontaktTests.release.xcconfig"; path = "Pods/Target Support Files/Pods-KontaktTests/Pods-KontaktTests.release.xcconfig"; sourceTree = "<group>"; };
		B3C2D2E278C6DA8A3548D6D4 /* Pods_Kontakt.framework */ = {isa = PBXFileReference; explicitFileType = wrapper.framework; includeInIndex = 0; path = Pods_Kontakt.framework; sourceTree = BUILT_PRODUCTS_DIR; };
		BB1CA6C534E7AEAB8858B116 /* Pods-KontaktTests.debug.xcconfig */ = {isa = PBXFileReference; includeInIndex = 1; lastKnownFileType = text.xcconfig; name = "Pods-KontaktTests.debug.xcconfig"; path = "Pods/Target Support Files/Pods-KontaktTests/Pods-KontaktTests.debug.xcconfig"; sourceTree = "<group>"; };
		CD883F4DE232631F2BAD8324 /* Pods-Kontakt.release.xcconfig */ = {isa = PBXFileReference; includeInIndex = 1; lastKnownFileType = text.xcconfig; name = "Pods-Kontakt.release.xcconfig"; path = "Pods/Target Support Files/Pods-Kontakt/Pods-Kontakt.release.xcconfig"; sourceTree = "<group>"; };
		E451D354567C5CA49C1DB8D5 /* Pods-KontaktUITests.release.xcconfig */ = {isa = PBXFileReference; includeInIndex = 1; lastKnownFileType = text.xcconfig; name = "Pods-KontaktUITests.release.xcconfig"; path = "Pods/Target Support Files/Pods-KontaktUITests/Pods-KontaktUITests.release.xcconfig"; sourceTree = "<group>"; };
		F422F8BB811626A9D43963A0 /* Pods-KontaktUITests.debug.xcconfig */ = {isa = PBXFileReference; includeInIndex = 1; lastKnownFileType = text.xcconfig; name = "Pods-KontaktUITests.debug.xcconfig"; path = "Pods/Target Support Files/Pods-KontaktUITests/Pods-KontaktUITests.debug.xcconfig"; sourceTree = "<group>"; };
/* End PBXFileReference section */

/* Begin PBXFrameworksBuildPhase section */
		1438B98D214B55C1007FE21A /* Frameworks */ = {
			isa = PBXFrameworksBuildPhase;
			buildActionMask = 2147483647;
			files = (
				BF2EA583DFDEFD2220CA9105 /* Pods_Kontakt.framework in Frameworks */,
			);
			runOnlyForDeploymentPostprocessing = 0;
		};
		1438B9A1214B55C4007FE21A /* Frameworks */ = {
			isa = PBXFrameworksBuildPhase;
			buildActionMask = 2147483647;
			files = (
				F8EE22AE3454ED19563E3E6B /* Pods_KontaktTests.framework in Frameworks */,
			);
			runOnlyForDeploymentPostprocessing = 0;
		};
		1438B9AC214B55C4007FE21A /* Frameworks */ = {
			isa = PBXFrameworksBuildPhase;
			buildActionMask = 2147483647;
			files = (
				316D90F9C3BD087EAA9ED177 /* Pods_KontaktUITests.framework in Frameworks */,
			);
			runOnlyForDeploymentPostprocessing = 0;
		};
/* End PBXFrameworksBuildPhase section */

/* Begin PBXGroup section */
		1438B987214B55C1007FE21A = {
			isa = PBXGroup;
			children = (
				1438B992214B55C1007FE21A /* Kontakt */,
				1438B9A7214B55C4007FE21A /* KontaktTests */,
				1438B9B2214B55C4007FE21A /* KontaktUITests */,
				1438B991214B55C1007FE21A /* Products */,
				5413A020C5947F5760BA922F /* Pods */,
				4A7B3A65AB8A318160AE79E1 /* Frameworks */,
			);
			sourceTree = "<group>";
		};
		1438B991214B55C1007FE21A /* Products */ = {
			isa = PBXGroup;
			children = (
				1438B990214B55C1007FE21A /* Kontakt.app */,
				1438B9A4214B55C4007FE21A /* KontaktTests.xctest */,
				1438B9AF214B55C4007FE21A /* KontaktUITests.xctest */,
			);
			name = Products;
			sourceTree = "<group>";
		};
		1438B992214B55C1007FE21A /* Kontakt */ = {
			isa = PBXGroup;
			children = (
				1438B993214B55C1007FE21A /* AppDelegate.swift */,
				144A4BFE2191435500F8D0B2 /* Coordinator.swift */,
				144A4BFC219142EC00F8D0B2 /* KontaktCoordinator.swift */,
				1438B995214B55C1007FE21A /* HomeViewController.swift */,
				149CD1FD214D894C0064A99F /* InfoViewController.swift */,
				14F5178A21586EA3007983E8 /* ScannerViewController.swift */,
				1438B997214B55C1007FE21A /* Main.storyboard */,
				1438B99A214B55C4007FE21A /* Assets.xcassets */,
				1438B99C214B55C4007FE21A /* LaunchScreen.storyboard */,
				1438B99F214B55C4007FE21A /* Info.plist */,
			);
			path = Kontakt;
			sourceTree = "<group>";
		};
		1438B9A7214B55C4007FE21A /* KontaktTests */ = {
			isa = PBXGroup;
			children = (
				1438B9A8214B55C4007FE21A /* KontaktTests.swift */,
				1438B9AA214B55C4007FE21A /* Info.plist */,
			);
			path = KontaktTests;
			sourceTree = "<group>";
		};
		1438B9B2214B55C4007FE21A /* KontaktUITests */ = {
			isa = PBXGroup;
			children = (
				1438B9B3214B55C4007FE21A /* KontaktUITests.swift */,
				1438B9B5214B55C4007FE21A /* Info.plist */,
			);
			path = KontaktUITests;
			sourceTree = "<group>";
		};
		4A7B3A65AB8A318160AE79E1 /* Frameworks */ = {
			isa = PBXGroup;
			children = (
				B3C2D2E278C6DA8A3548D6D4 /* Pods_Kontakt.framework */,
				5B3ED99736532C1B40DD0A86 /* Pods_KontaktTests.framework */,
				227D706ED7EB232CEB3F0BB3 /* Pods_KontaktUITests.framework */,
			);
			name = Frameworks;
			sourceTree = "<group>";
		};
		5413A020C5947F5760BA922F /* Pods */ = {
			isa = PBXGroup;
			children = (
				1C7FABD6B17AE3523C4B08D1 /* Pods-Kontakt.debug.xcconfig */,
				CD883F4DE232631F2BAD8324 /* Pods-Kontakt.release.xcconfig */,
				BB1CA6C534E7AEAB8858B116 /* Pods-KontaktTests.debug.xcconfig */,
				A311EB195700147626CFB247 /* Pods-KontaktTests.release.xcconfig */,
				F422F8BB811626A9D43963A0 /* Pods-KontaktUITests.debug.xcconfig */,
				E451D354567C5CA49C1DB8D5 /* Pods-KontaktUITests.release.xcconfig */,
			);
			name = Pods;
			sourceTree = "<group>";
		};
/* End PBXGroup section */

/* Begin PBXNativeTarget section */
		1438B98F214B55C1007FE21A /* Kontakt */ = {
			isa = PBXNativeTarget;
			buildConfigurationList = 1438B9B8214B55C4007FE21A /* Build configuration list for PBXNativeTarget "Kontakt" */;
			buildPhases = (
				71B55115D2606380D816826A /* [CP] Check Pods Manifest.lock */,
				1438B98C214B55C1007FE21A /* Sources */,
				1438B98D214B55C1007FE21A /* Frameworks */,
				1438B98E214B55C1007FE21A /* Resources */,
			);
			buildRules = (
			);
			dependencies = (
			);
			name = Kontakt;
			productName = Kontakt;
			productReference = 1438B990214B55C1007FE21A /* Kontakt.app */;
			productType = "com.apple.product-type.application";
		};
		1438B9A3214B55C4007FE21A /* KontaktTests */ = {
			isa = PBXNativeTarget;
			buildConfigurationList = 1438B9BB214B55C4007FE21A /* Build configuration list for PBXNativeTarget "KontaktTests" */;
			buildPhases = (
				979BC4E1F9CAA32B85648940 /* [CP] Check Pods Manifest.lock */,
				1438B9A0214B55C4007FE21A /* Sources */,
				1438B9A1214B55C4007FE21A /* Frameworks */,
				1438B9A2214B55C4007FE21A /* Resources */,
			);
			buildRules = (
			);
			dependencies = (
				1438B9A6214B55C4007FE21A /* PBXTargetDependency */,
			);
			name = KontaktTests;
			productName = KontaktTests;
			productReference = 1438B9A4214B55C4007FE21A /* KontaktTests.xctest */;
			productType = "com.apple.product-type.bundle.unit-test";
		};
		1438B9AE214B55C4007FE21A /* KontaktUITests */ = {
			isa = PBXNativeTarget;
			buildConfigurationList = 1438B9BE214B55C4007FE21A /* Build configuration list for PBXNativeTarget "KontaktUITests" */;
			buildPhases = (
				F349B212412BE3F5184B61EB /* [CP] Check Pods Manifest.lock */,
				1438B9AB214B55C4007FE21A /* Sources */,
				1438B9AC214B55C4007FE21A /* Frameworks */,
				1438B9AD214B55C4007FE21A /* Resources */,
			);
			buildRules = (
			);
			dependencies = (
				1438B9B1214B55C4007FE21A /* PBXTargetDependency */,
			);
			name = KontaktUITests;
			productName = KontaktUITests;
			productReference = 1438B9AF214B55C4007FE21A /* KontaktUITests.xctest */;
			productType = "com.apple.product-type.bundle.ui-testing";
		};
/* End PBXNativeTarget section */

/* Begin PBXProject section */
		1438B988214B55C1007FE21A /* Project object */ = {
			isa = PBXProject;
			attributes = {
				LastSwiftUpdateCheck = 0940;
				LastUpgradeCheck = 0940;
				ORGANIZATIONNAME = "Filip Matić";
				TargetAttributes = {
					1438B98F214B55C1007FE21A = {
						CreatedOnToolsVersion = 9.4.1;
					};
					1438B9A3214B55C4007FE21A = {
						CreatedOnToolsVersion = 9.4.1;
						TestTargetID = 1438B98F214B55C1007FE21A;
					};
					1438B9AE214B55C4007FE21A = {
						CreatedOnToolsVersion = 9.4.1;
						TestTargetID = 1438B98F214B55C1007FE21A;
					};
				};
			};
			buildConfigurationList = 1438B98B214B55C1007FE21A /* Build configuration list for PBXProject "Kontakt" */;
			compatibilityVersion = "Xcode 9.3";
			developmentRegion = en;
			hasScannedForEncodings = 0;
			knownRegions = (
				en,
				Base,
			);
			mainGroup = 1438B987214B55C1007FE21A;
			productRefGroup = 1438B991214B55C1007FE21A /* Products */;
			projectDirPath = "";
			projectRoot = "";
			targets = (
				1438B98F214B55C1007FE21A /* Kontakt */,
				1438B9A3214B55C4007FE21A /* KontaktTests */,
				1438B9AE214B55C4007FE21A /* KontaktUITests */,
			);
		};
/* End PBXProject section */

/* Begin PBXResourcesBuildPhase section */
		1438B98E214B55C1007FE21A /* Resources */ = {
			isa = PBXResourcesBuildPhase;
			buildActionMask = 2147483647;
			files = (
				1438B99E214B55C4007FE21A /* LaunchScreen.storyboard in Resources */,
				1438B99B214B55C4007FE21A /* Assets.xcassets in Resources */,
				1438B999214B55C1007FE21A /* Main.storyboard in Resources */,
			);
			runOnlyForDeploymentPostprocessing = 0;
		};
		1438B9A2214B55C4007FE21A /* Resources */ = {
			isa = PBXResourcesBuildPhase;
			buildActionMask = 2147483647;
			files = (
			);
			runOnlyForDeploymentPostprocessing = 0;
		};
		1438B9AD214B55C4007FE21A /* Resources */ = {
			isa = PBXResourcesBuildPhase;
			buildActionMask = 2147483647;
			files = (
			);
			runOnlyForDeploymentPostprocessing = 0;
		};
/* End PBXResourcesBuildPhase section */

/* Begin PBXShellScriptBuildPhase section */
		71B55115D2606380D816826A /* [CP] Check Pods Manifest.lock */ = {
			isa = PBXShellScriptBuildPhase;
			buildActionMask = 2147483647;
			files = (
			);
			inputPaths = (
				"${PODS_PODFILE_DIR_PATH}/Podfile.lock",
				"${PODS_ROOT}/Manifest.lock",
			);
			name = "[CP] Check Pods Manifest.lock";
			outputPaths = (
				"$(DERIVED_FILE_DIR)/Pods-Kontakt-checkManifestLockResult.txt",
			);
			runOnlyForDeploymentPostprocessing = 0;
			shellPath = /bin/sh;
			shellScript = "diff \"${PODS_PODFILE_DIR_PATH}/Podfile.lock\" \"${PODS_ROOT}/Manifest.lock\" > /dev/null\nif [ $? != 0 ] ; then\n    # print error to STDERR\n    echo \"error: The sandbox is not in sync with the Podfile.lock. Run 'pod install' or update your CocoaPods installation.\" >&2\n    exit 1\nfi\n# This output is used by Xcode 'outputs' to avoid re-running this script phase.\necho \"SUCCESS\" > \"${SCRIPT_OUTPUT_FILE_0}\"\n";
			showEnvVarsInLog = 0;
		};
		979BC4E1F9CAA32B85648940 /* [CP] Check Pods Manifest.lock */ = {
			isa = PBXShellScriptBuildPhase;
			buildActionMask = 2147483647;
			files = (
			);
			inputPaths = (
				"${PODS_PODFILE_DIR_PATH}/Podfile.lock",
				"${PODS_ROOT}/Manifest.lock",
			);
			name = "[CP] Check Pods Manifest.lock";
			outputPaths = (
				"$(DERIVED_FILE_DIR)/Pods-KontaktTests-checkManifestLockResult.txt",
			);
			runOnlyForDeploymentPostprocessing = 0;
			shellPath = /bin/sh;
			shellScript = "diff \"${PODS_PODFILE_DIR_PATH}/Podfile.lock\" \"${PODS_ROOT}/Manifest.lock\" > /dev/null\nif [ $? != 0 ] ; then\n    # print error to STDERR\n    echo \"error: The sandbox is not in sync with the Podfile.lock. Run 'pod install' or update your CocoaPods installation.\" >&2\n    exit 1\nfi\n# This output is used by Xcode 'outputs' to avoid re-running this script phase.\necho \"SUCCESS\" > \"${SCRIPT_OUTPUT_FILE_0}\"\n";
			showEnvVarsInLog = 0;
		};
		F349B212412BE3F5184B61EB /* [CP] Check Pods Manifest.lock */ = {
			isa = PBXShellScriptBuildPhase;
			buildActionMask = 2147483647;
			files = (
			);
			inputPaths = (
				"${PODS_PODFILE_DIR_PATH}/Podfile.lock",
				"${PODS_ROOT}/Manifest.lock",
			);
			name = "[CP] Check Pods Manifest.lock";
			outputPaths = (
				"$(DERIVED_FILE_DIR)/Pods-KontaktUITests-checkManifestLockResult.txt",
			);
			runOnlyForDeploymentPostprocessing = 0;
			shellPath = /bin/sh;
			shellScript = "diff \"${PODS_PODFILE_DIR_PATH}/Podfile.lock\" \"${PODS_ROOT}/Manifest.lock\" > /dev/null\nif [ $? != 0 ] ; then\n    # print error to STDERR\n    echo \"error: The sandbox is not in sync with the Podfile.lock. Run 'pod install' or update your CocoaPods installation.\" >&2\n    exit 1\nfi\n# This output is used by Xcode 'outputs' to avoid re-running this script phase.\necho \"SUCCESS\" > \"${SCRIPT_OUTPUT_FILE_0}\"\n";
			showEnvVarsInLog = 0;
		};
/* End PBXShellScriptBuildPhase section */

/* Begin PBXSourcesBuildPhase section */
		1438B98C214B55C1007FE21A /* Sources */ = {
			isa = PBXSourcesBuildPhase;
			buildActionMask = 2147483647;
			files = (
				1438B996214B55C1007FE21A /* HomeViewController.swift in Sources */,
				149CD1FE214D894C0064A99F /* InfoViewController.swift in Sources */,
				144A4BFF2191435500F8D0B2 /* Coordinator.swift in Sources */,
				144A4BFD219142EC00F8D0B2 /* KontaktCoordinator.swift in Sources */,
				1438B994214B55C1007FE21A /* AppDelegate.swift in Sources */,
				14F5178B21586EA3007983E8 /* ScannerViewController.swift in Sources */,
			);
			runOnlyForDeploymentPostprocessing = 0;
		};
		1438B9A0214B55C4007FE21A /* Sources */ = {
			isa = PBXSourcesBuildPhase;
			buildActionMask = 2147483647;
			files = (
				1438B9A9214B55C4007FE21A /* KontaktTests.swift in Sources */,
			);
			runOnlyForDeploymentPostprocessing = 0;
		};
		1438B9AB214B55C4007FE21A /* Sources */ = {
			isa = PBXSourcesBuildPhase;
			buildActionMask = 2147483647;
			files = (
				1438B9B4214B55C4007FE21A /* KontaktUITests.swift in Sources */,
			);
			runOnlyForDeploymentPostprocessing = 0;
		};
/* End PBXSourcesBuildPhase section */

/* Begin PBXTargetDependency section */
		1438B9A6214B55C4007FE21A /* PBXTargetDependency */ = {
			isa = PBXTargetDependency;
			target = 1438B98F214B55C1007FE21A /* Kontakt */;
			targetProxy = 1438B9A5214B55C4007FE21A /* PBXContainerItemProxy */;
		};
		1438B9B1214B55C4007FE21A /* PBXTargetDependency */ = {
			isa = PBXTargetDependency;
			target = 1438B98F214B55C1007FE21A /* Kontakt */;
			targetProxy = 1438B9B0214B55C4007FE21A /* PBXContainerItemProxy */;
		};
/* End PBXTargetDependency section */

/* Begin PBXVariantGroup section */
		1438B997214B55C1007FE21A /* Main.storyboard */ = {
			isa = PBXVariantGroup;
			children = (
				1438B998214B55C1007FE21A /* Base */,
			);
			name = Main.storyboard;
			sourceTree = "<group>";
		};
		1438B99C214B55C4007FE21A /* LaunchScreen.storyboard */ = {
			isa = PBXVariantGroup;
			children = (
				1438B99D214B55C4007FE21A /* Base */,
			);
			name = LaunchScreen.storyboard;
			sourceTree = "<group>";
		};
/* End PBXVariantGroup section */

/* Begin XCBuildConfiguration section */
		1438B9B6214B55C4007FE21A /* Debug */ = {
			isa = XCBuildConfiguration;
			buildSettings = {
				ALWAYS_SEARCH_USER_PATHS = NO;
				CLANG_ANALYZER_NONNULL = YES;
				CLANG_ANALYZER_NUMBER_OBJECT_CONVERSION = YES_AGGRESSIVE;
				CLANG_CXX_LANGUAGE_STANDARD = "gnu++14";
				CLANG_CXX_LIBRARY = "libc++";
				CLANG_ENABLE_MODULES = YES;
				CLANG_ENABLE_OBJC_ARC = YES;
				CLANG_ENABLE_OBJC_WEAK = YES;
				CLANG_WARN_BLOCK_CAPTURE_AUTORELEASING = YES;
				CLANG_WARN_BOOL_CONVERSION = YES;
				CLANG_WARN_COMMA = YES;
				CLANG_WARN_CONSTANT_CONVERSION = YES;
				CLANG_WARN_DEPRECATED_OBJC_IMPLEMENTATIONS = YES;
				CLANG_WARN_DIRECT_OBJC_ISA_USAGE = YES_ERROR;
				CLANG_WARN_DOCUMENTATION_COMMENTS = YES;
				CLANG_WARN_EMPTY_BODY = YES;
				CLANG_WARN_ENUM_CONVERSION = YES;
				CLANG_WARN_INFINITE_RECURSION = YES;
				CLANG_WARN_INT_CONVERSION = YES;
				CLANG_WARN_NON_LITERAL_NULL_CONVERSION = YES;
				CLANG_WARN_OBJC_IMPLICIT_RETAIN_SELF = YES;
				CLANG_WARN_OBJC_LITERAL_CONVERSION = YES;
				CLANG_WARN_OBJC_ROOT_CLASS = YES_ERROR;
				CLANG_WARN_RANGE_LOOP_ANALYSIS = YES;
				CLANG_WARN_STRICT_PROTOTYPES = YES;
				CLANG_WARN_SUSPICIOUS_MOVE = YES;
				CLANG_WARN_UNGUARDED_AVAILABILITY = YES_AGGRESSIVE;
				CLANG_WARN_UNREACHABLE_CODE = YES;
				CLANG_WARN__DUPLICATE_METHOD_MATCH = YES;
				CODE_SIGN_IDENTITY = "iPhone Developer";
				COPY_PHASE_STRIP = NO;
				DEBUG_INFORMATION_FORMAT = dwarf;
				ENABLE_STRICT_OBJC_MSGSEND = YES;
				ENABLE_TESTABILITY = YES;
				GCC_C_LANGUAGE_STANDARD = gnu11;
				GCC_DYNAMIC_NO_PIC = NO;
				GCC_NO_COMMON_BLOCKS = YES;
				GCC_OPTIMIZATION_LEVEL = 0;
				GCC_PREPROCESSOR_DEFINITIONS = (
					"DEBUG=1",
					"$(inherited)",
				);
				GCC_WARN_64_TO_32_BIT_CONVERSION = YES;
				GCC_WARN_ABOUT_RETURN_TYPE = YES_ERROR;
				GCC_WARN_UNDECLARED_SELECTOR = YES;
				GCC_WARN_UNINITIALIZED_AUTOS = YES_AGGRESSIVE;
				GCC_WARN_UNUSED_FUNCTION = YES;
				GCC_WARN_UNUSED_VARIABLE = YES;
				IPHONEOS_DEPLOYMENT_TARGET = 11.4;
				MTL_ENABLE_DEBUG_INFO = YES;
				ONLY_ACTIVE_ARCH = YES;
				SDKROOT = iphoneos;
				SWIFT_ACTIVE_COMPILATION_CONDITIONS = DEBUG;
				SWIFT_OPTIMIZATION_LEVEL = "-Onone";
			};
			name = Debug;
		};
		1438B9B7214B55C4007FE21A /* Release */ = {
			isa = XCBuildConfiguration;
			buildSettings = {
				ALWAYS_SEARCH_USER_PATHS = NO;
				CLANG_ANALYZER_NONNULL = YES;
				CLANG_ANALYZER_NUMBER_OBJECT_CONVERSION = YES_AGGRESSIVE;
				CLANG_CXX_LANGUAGE_STANDARD = "gnu++14";
				CLANG_CXX_LIBRARY = "libc++";
				CLANG_ENABLE_MODULES = YES;
				CLANG_ENABLE_OBJC_ARC = YES;
				CLANG_ENABLE_OBJC_WEAK = YES;
				CLANG_WARN_BLOCK_CAPTURE_AUTORELEASING = YES;
				CLANG_WARN_BOOL_CONVERSION = YES;
				CLANG_WARN_COMMA = YES;
				CLANG_WARN_CONSTANT_CONVERSION = YES;
				CLANG_WARN_DEPRECATED_OBJC_IMPLEMENTATIONS = YES;
				CLANG_WARN_DIRECT_OBJC_ISA_USAGE = YES_ERROR;
				CLANG_WARN_DOCUMENTATION_COMMENTS = YES;
				CLANG_WARN_EMPTY_BODY = YES;
				CLANG_WARN_ENUM_CONVERSION = YES;
				CLANG_WARN_INFINITE_RECURSION = YES;
				CLANG_WARN_INT_CONVERSION = YES;
				CLANG_WARN_NON_LITERAL_NULL_CONVERSION = YES;
				CLANG_WARN_OBJC_IMPLICIT_RETAIN_SELF = YES;
				CLANG_WARN_OBJC_LITERAL_CONVERSION = YES;
				CLANG_WARN_OBJC_ROOT_CLASS = YES_ERROR;
				CLANG_WARN_RANGE_LOOP_ANALYSIS = YES;
				CLANG_WARN_STRICT_PROTOTYPES = YES;
				CLANG_WARN_SUSPICIOUS_MOVE = YES;
				CLANG_WARN_UNGUARDED_AVAILABILITY = YES_AGGRESSIVE;
				CLANG_WARN_UNREACHABLE_CODE = YES;
				CLANG_WARN__DUPLICATE_METHOD_MATCH = YES;
				CODE_SIGN_IDENTITY = "iPhone Developer";
				COPY_PHASE_STRIP = NO;
				DEBUG_INFORMATION_FORMAT = "dwarf-with-dsym";
				ENABLE_NS_ASSERTIONS = NO;
				ENABLE_STRICT_OBJC_MSGSEND = YES;
				GCC_C_LANGUAGE_STANDARD = gnu11;
				GCC_NO_COMMON_BLOCKS = YES;
				GCC_WARN_64_TO_32_BIT_CONVERSION = YES;
				GCC_WARN_ABOUT_RETURN_TYPE = YES_ERROR;
				GCC_WARN_UNDECLARED_SELECTOR = YES;
				GCC_WARN_UNINITIALIZED_AUTOS = YES_AGGRESSIVE;
				GCC_WARN_UNUSED_FUNCTION = YES;
				GCC_WARN_UNUSED_VARIABLE = YES;
				IPHONEOS_DEPLOYMENT_TARGET = 11.4;
				MTL_ENABLE_DEBUG_INFO = NO;
				SDKROOT = iphoneos;
				SWIFT_COMPILATION_MODE = wholemodule;
				SWIFT_OPTIMIZATION_LEVEL = "-O";
				VALIDATE_PRODUCT = YES;
			};
			name = Release;
		};
		1438B9B9214B55C4007FE21A /* Debug */ = {
			isa = XCBuildConfiguration;
			baseConfigurationReference = 1C7FABD6B17AE3523C4B08D1 /* Pods-Kontakt.debug.xcconfig */;
			buildSettings = {
				ASSETCATALOG_COMPILER_APPICON_NAME = AppIcon;
				CODE_SIGN_STYLE = Automatic;
				DEVELOPMENT_TEAM = 5483K4C7SZ;
				INFOPLIST_FILE = Kontakt/Info.plist;
				LD_RUNPATH_SEARCH_PATHS = (
					"$(inherited)",
					"@executable_path/Frameworks",
				);
				PRODUCT_BUNDLE_IDENTIFIER = com.filipmatic.Kontakt;
				PRODUCT_NAME = "$(TARGET_NAME)";
				SWIFT_VERSION = 4.0;
				TARGETED_DEVICE_FAMILY = "1,2";
			};
			name = Debug;
		};
		1438B9BA214B55C4007FE21A /* Release */ = {
			isa = XCBuildConfiguration;
			baseConfigurationReference = CD883F4DE232631F2BAD8324 /* Pods-Kontakt.release.xcconfig */;
			buildSettings = {
				ASSETCATALOG_COMPILER_APPICON_NAME = AppIcon;
				CODE_SIGN_STYLE = Automatic;
				DEVELOPMENT_TEAM = 5483K4C7SZ;
				INFOPLIST_FILE = Kontakt/Info.plist;
				LD_RUNPATH_SEARCH_PATHS = (
					"$(inherited)",
					"@executable_path/Frameworks",
				);
				PRODUCT_BUNDLE_IDENTIFIER = com.filipmatic.Kontakt;
				PRODUCT_NAME = "$(TARGET_NAME)";
				SWIFT_VERSION = 4.0;
				TARGETED_DEVICE_FAMILY = "1,2";
			};
			name = Release;
		};
		1438B9BC214B55C4007FE21A /* Debug */ = {
			isa = XCBuildConfiguration;
			baseConfigurationReference = BB1CA6C534E7AEAB8858B116 /* Pods-KontaktTests.debug.xcconfig */;
			buildSettings = {
				ALWAYS_EMBED_SWIFT_STANDARD_LIBRARIES = YES;
				BUNDLE_LOADER = "$(TEST_HOST)";
				CODE_SIGN_STYLE = Automatic;
				INFOPLIST_FILE = KontaktTests/Info.plist;
				LD_RUNPATH_SEARCH_PATHS = (
					"$(inherited)",
					"@executable_path/Frameworks",
					"@loader_path/Frameworks",
				);
				PRODUCT_BUNDLE_IDENTIFIER = com.filipmatic.KontaktTests;
				PRODUCT_NAME = "$(TARGET_NAME)";
				SWIFT_VERSION = 4.0;
				TARGETED_DEVICE_FAMILY = "1,2";
				TEST_HOST = "$(BUILT_PRODUCTS_DIR)/Kontakt.app/Kontakt";
			};
			name = Debug;
		};
		1438B9BD214B55C4007FE21A /* Release */ = {
			isa = XCBuildConfiguration;
			baseConfigurationReference = A311EB195700147626CFB247 /* Pods-KontaktTests.release.xcconfig */;
			buildSettings = {
				ALWAYS_EMBED_SWIFT_STANDARD_LIBRARIES = YES;
				BUNDLE_LOADER = "$(TEST_HOST)";
				CODE_SIGN_STYLE = Automatic;
				INFOPLIST_FILE = KontaktTests/Info.plist;
				LD_RUNPATH_SEARCH_PATHS = (
					"$(inherited)",
					"@executable_path/Frameworks",
					"@loader_path/Frameworks",
				);
				PRODUCT_BUNDLE_IDENTIFIER = com.filipmatic.KontaktTests;
				PRODUCT_NAME = "$(TARGET_NAME)";
				SWIFT_VERSION = 4.0;
				TARGETED_DEVICE_FAMILY = "1,2";
				TEST_HOST = "$(BUILT_PRODUCTS_DIR)/Kontakt.app/Kontakt";
			};
			name = Release;
		};
		1438B9BF214B55C4007FE21A /* Debug */ = {
			isa = XCBuildConfiguration;
			baseConfigurationReference = F422F8BB811626A9D43963A0 /* Pods-KontaktUITests.debug.xcconfig */;
			buildSettings = {
				ALWAYS_EMBED_SWIFT_STANDARD_LIBRARIES = YES;
				CODE_SIGN_STYLE = Automatic;
				INFOPLIST_FILE = KontaktUITests/Info.plist;
				LD_RUNPATH_SEARCH_PATHS = (
					"$(inherited)",
					"@executable_path/Frameworks",
					"@loader_path/Frameworks",
				);
				PRODUCT_BUNDLE_IDENTIFIER = com.filipmatic.KontaktUITests;
				PRODUCT_NAME = "$(TARGET_NAME)";
				SWIFT_VERSION = 4.0;
				TARGETED_DEVICE_FAMILY = "1,2";
				TEST_TARGET_NAME = Kontakt;
			};
			name = Debug;
		};
		1438B9C0214B55C4007FE21A /* Release */ = {
			isa = XCBuildConfiguration;
			baseConfigurationReference = E451D354567C5CA49C1DB8D5 /* Pods-KontaktUITests.release.xcconfig */;
			buildSettings = {
				ALWAYS_EMBED_SWIFT_STANDARD_LIBRARIES = YES;
				CODE_SIGN_STYLE = Automatic;
				INFOPLIST_FILE = KontaktUITests/Info.plist;
				LD_RUNPATH_SEARCH_PATHS = (
					"$(inherited)",
					"@executable_path/Frameworks",
					"@loader_path/Frameworks",
				);
				PRODUCT_BUNDLE_IDENTIFIER = com.filipmatic.KontaktUITests;
				PRODUCT_NAME = "$(TARGET_NAME)";
				SWIFT_VERSION = 4.0;
				TARGETED_DEVICE_FAMILY = "1,2";
				TEST_TARGET_NAME = Kontakt;
			};
			name = Release;
		};
/* End XCBuildConfiguration section */

/* Begin XCConfigurationList section */
		1438B98B214B55C1007FE21A /* Build configuration list for PBXProject "Kontakt" */ = {
			isa = XCConfigurationList;
			buildConfigurations = (
				1438B9B6214B55C4007FE21A /* Debug */,
				1438B9B7214B55C4007FE21A /* Release */,
			);
			defaultConfigurationIsVisible = 0;
			defaultConfigurationName = Release;
		};
		1438B9B8214B55C4007FE21A /* Build configuration list for PBXNativeTarget "Kontakt" */ = {
			isa = XCConfigurationList;
			buildConfigurations = (
				1438B9B9214B55C4007FE21A /* Debug */,
				1438B9BA214B55C4007FE21A /* Release */,
			);
			defaultConfigurationIsVisible = 0;
			defaultConfigurationName = Release;
		};
		1438B9BB214B55C4007FE21A /* Build configuration list for PBXNativeTarget "KontaktTests" */ = {
			isa = XCConfigurationList;
			buildConfigurations = (
				1438B9BC214B55C4007FE21A /* Debug */,
				1438B9BD214B55C4007FE21A /* Release */,
			);
			defaultConfigurationIsVisible = 0;
			defaultConfigurationName = Release;
		};
		1438B9BE214B55C4007FE21A /* Build configuration list for PBXNativeTarget "KontaktUITests" */ = {
			isa = XCConfigurationList;
			buildConfigurations = (
				1438B9BF214B55C4007FE21A /* Debug */,
				1438B9C0214B55C4007FE21A /* Release */,
			);
			defaultConfigurationIsVisible = 0;
			defaultConfigurationName = Release;
		};
/* End XCConfigurationList section */
	};
	rootObject = 1438B988214B55C1007FE21A /* Project object */;
}
